
Microsoft Visual Studio Solution File, Format Version 12.00
# Visual Studio Version 17
VisualStudioVersion = 17.0.31612.314
MinimumVisualStudioVersion = 10.0.40219.1
Project("{9A19103F-16F7-4668-BE54-9A1E7A4F7556}") = "Service", "Service\Service.csproj", "{BDA9C752-8C49-4008-A145-815631E7389D}"
EndProject
Project("{9A19103F-16F7-4668-BE54-9A1E7A4F7556}") = "Consumer1", "Consumer1\Consumer1.csproj", "{3A7BF58B-FA0A-482B-BF00-9CA898568B06}"
EndProject
Project("{9A19103F-16F7-4668-BE54-9A1E7A4F7556}") = "Common", "Common\Common.csproj", "{75E1E334-60ED-45AA-9D20-AFB1D5434EDA}"
EndProject
Project("{2150E333-8FDC-42A3-9474-1A3956D46DE8}") = "Solution Items", "Solution Items", "{DF7C5232-39A9-4070-8866-85F76CD830DF}"
	ProjectSection(SolutionItems) = preProject
		.gitignore = .gitignore
	EndProjectSection
EndProject
Global
	GlobalSection(SolutionConfigurationPlatforms) = preSolution
		Debug|Any CPU = Debug|Any CPU
		Release|Any CPU = Release|Any CPU
	EndGlobalSection
	GlobalSection(ProjectConfigurationPlatforms) = postSolution
		{BDA9C752-8C49-4008-A145-815631E7389D}.Debug|Any CPU.ActiveCfg = Debug|Any CPU
		{BDA9C752-8C49-4008-A145-815631E7389D}.Debug|Any CPU.Build.0 = Debug|Any CPU
		{BDA9C752-8C49-4008-A145-815631E7389D}.Release|Any CPU.ActiveCfg = Release|Any CPU
		{BDA9C752-8C49-4008-A145-815631E7389D}.Release|Any CPU.Build.0 = Release|Any CPU
		{3A7BF58B-FA0A-482B-BF00-9CA898568B06}.Debug|Any CPU.ActiveCfg = Debug|Any CPU
		{3A7BF58B-FA0A-482B-BF00-9CA898568B06}.Debug|Any CPU.Build.0 = Debug|Any CPU
		{3A7BF58B-FA0A-482B-BF00-9CA898568B06}.Release|Any CPU.ActiveCfg = Release|Any CPU
		{3A7BF58B-FA0A-482B-BF00-9CA898568B06}.Release|Any CPU.Build.0 = Release|Any CPU
		{75E1E334-60ED-45AA-9D20-AFB1D5434EDA}.Debug|Any CPU.ActiveCfg = Debug|Any CPU
		{75E1E334-60ED-45AA-9D20-AFB1D5434EDA}.Debug|Any CPU.Build.0 = Debug|Any CPU
		{75E1E334-60ED-45AA-9D20-AFB1D5434EDA}.Release|Any CPU.ActiveCfg = Release|Any CPU
		{75E1E334-60ED-45AA-9D20-AFB1D5434EDA}.Release|Any CPU.Build.0 = Release|Any CPU
	EndGlobalSection
	GlobalSection(SolutionProperties) = preSolution
		HideSolutionNode = FALSE
	EndGlobalSection
	GlobalSection(ExtensibilityGlobals) = postSolution
		SolutionGuid = {A143DB8A-10F0-4F19-90D5-9C7BE00EA334}
	EndGlobalSection
EndGlobal
